<?xml version="1.0" encoding="utf-8"?>
<Project ToolsVersion="4.0" xmlns="http://schemas.microsoft.com/developer/msbuild/2003">
  <ItemGroup>
    <Filter Include="소스 파일">
      <UniqueIdentifier>{4FC737F1-C7A5-4376-A066-2A32D752A2FF}</UniqueIdentifier>
      <Extensions>cpp;c;cc;cxx;c++;def;odl;idl;hpj;bat;asm;asmx</Extensions>
    </Filter>
    <Filter Include="헤더 파일">
      <UniqueIdentifier>{93995380-89BD-4b04-88EB-625FBE52EBFB}</UniqueIdentifier>
      <Extensions>h;hh;hpp;hxx;h++;hm;inl;inc;ipp;xsd</Extensions>
    </Filter>
    <Filter Include="리소스 파일">
      <UniqueIdentifier>{67DA6AB6-F800-4c08-8B7A-83BB121AAD01}</UniqueIdentifier>
      <Extensions>rc;ico;cur;bmp;dlg;rc2;rct;bin;rgs;gif;jpg;jpeg;jpe;resx;tiff;tif;png;wav;mfcribbon-ms</Extensions>
    </Filter>
  </ItemGroup>
  <ItemGroup>
    <ClCompile Include="HW_1-1.cpp">
      <Filter>소스 파일</Filter>
    </ClCompile>
    <ClCompile Include="HW_1-2.cpp">
      <Filter>소스 파일</Filter>
    </ClCompile>
    <ClCompile Include="HW_1-3.cpp">
      <Filter>소스 파일</Filter>
    </ClCompile>
    <ClCompile Include="HW_1-4.cpp">
      <Filter>소스 파일</Filter>
    </ClCompile>
    <ClCompile Include="CG_20_Clipping.cpp">
      <Filter>소스 파일</Filter>
    </ClCompile>
    <ClCompile Include="CG_21_Helix_직교투영.cpp">
      <Filter>소스 파일</Filter>
    </ClCompile>
    <ClCompile Include="CG_22_변환예시.cpp">
      <Filter>소스 파일</Filter>
    </ClCompile>
    <ClCompile Include="CG_23_Teapot_Ex.cpp">
      <Filter>소스 파일</Filter>
    </ClCompile>
    <ClCompile Include="CG_24_스케일링예시.cpp">
      <Filter>소스 파일</Filter>
    </ClCompile>
    <ClCompile Include="CG_25_스케일링예시2.cpp">
      <Filter>소스 파일</Filter>
    </ClCompile>
    <ClCompile Include="CG_26_rotate_예시.cpp">
      <Filter>소스 파일</Filter>
    </ClCompile>
    <ClCompile Include="CG_27_시어링예제.cpp">
      <Filter>소스 파일</Filter>
    </ClCompile>
    <ClCompile Include="CG_28_복합변환순서예제.cpp">
      <Filter>소스 파일</Filter>
    </ClCompile>
    <ClCompile Include="CG_29_복합물체_복합변환_예제.cpp">
      <Filter>소스 파일</Filter>
    </ClCompile>
    <ClCompile Include="CG_30_복합물체_변환예제_2.cpp">
      <Filter>소스 파일</Filter>
    </ClCompile>
    <ClCompile Include="HW_2-1.cpp">
      <Filter>소스 파일</Filter>
    </ClCompile>
    <ClCompile Include="HW_2-2.cpp">
      <Filter>소스 파일</Filter>
    </ClCompile>
    <ClCompile Include="HW_2-3.cpp">
      <Filter>소스 파일</Filter>
    </ClCompile>
    <ClCompile Include="HW_2-4.cpp">
      <Filter>소스 파일</Filter>
    </ClCompile>
    <ClCompile Include="CG_31_후면제거.cpp">
      <Filter>소스 파일</Filter>
    </ClCompile>
    <ClCompile Include="CG_33_DDA.cpp">
      <Filter>소스 파일</Filter>
    </ClCompile>
    <ClCompile Include="HW_3-1.cpp">
      <Filter>소스 파일</Filter>
    </ClCompile>
    <ClCompile Include="HW_3-2.cpp">
      <Filter>소스 파일</Filter>
    </ClCompile>
    <ClCompile Include="CG_34_Floodfill.cpp">
      <Filter>소스 파일</Filter>
    </ClCompile>
    <ClCompile Include="CG_35_shading.cpp">
      <Filter>소스 파일</Filter>
    </ClCompile>
    <ClCompile Include="HW_3-3.cpp">
      <Filter>소스 파일</Filter>
    </ClCompile>
    <ClCompile Include="CG_36_curve2차_1.cpp">
      <Filter>소스 파일</Filter>
    </ClCompile>
    <ClCompile Include="CG_38_curve3.cpp">
      <Filter>소스 파일</Filter>
    </ClCompile>
    <ClCompile Include="HW_3-4.cpp">
      <Filter>소스 파일</Filter>
    </ClCompile>
    <ClCompile Include="HW_3-4_final.cpp">
      <Filter>소스 파일</Filter>
    </ClCompile>
    <ClCompile Include="CG_39_texture.cpp">
      <Filter>소스 파일</Filter>
    </ClCompile>
    <ClCompile Include="CG_40_Texture_2.cpp">
      <Filter>소스 파일</Filter>
    </ClCompile>
    <ClCompile Include="CG_41_텍스쳐보간.cpp">
      <Filter>소스 파일</Filter>
    </ClCompile>
    <ClCompile Include="CG_42_minmap.cpp">
      <Filter>소스 파일</Filter>
    </ClCompile>
    <ClCompile Include="CG_44_3D_File_texture.cpp">
      <Filter>소스 파일</Filter>
    </ClCompile>
    <ClCompile Include="CG_45_3D_File_Texture_2.cpp">
      <Filter>소스 파일</Filter>
    </ClCompile>
    <ClCompile Include="CG_46_Textuer_object.cpp">
      <Filter>소스 파일</Filter>
    </ClCompile>
    <ClCompile Include="CG_47_Texture_object_2.cpp">
      <Filter>소스 파일</Filter>
    </ClCompile>
    <ClCompile Include="CG_48_Texture_light.cpp">
      <Filter>소스 파일</Filter>
    </ClCompile>
    <ClCompile Include="CG_49_Texture_mapping.cpp">
      <Filter>소스 파일</Filter>
    </ClCompile>
    <ClCompile Include="CG_50_bump_mapping.cpp">
      <Filter>소스 파일</Filter>
    </ClCompile>
    <ClCompile Include="HW_4-1.cpp">
      <Filter>소스 파일</Filter>
    </ClCompile>
    <ClCompile Include="HW_4-2.cpp">
      <Filter>소스 파일</Filter>
    </ClCompile>
    <ClCompile Include="HW_4-3.cpp">
      <Filter>소스 파일</Filter>
    </ClCompile>
    <ClCompile Include="CG_51_Scissor_test.cpp">
      <Filter>소스 파일</Filter>
    </ClCompile>
    <ClCompile Include="CG_52_Alpha_Test.cpp">
      <Filter>소스 파일</Filter>
    </ClCompile>
    <ClCompile Include="HW_4-4.cpp">
      <Filter>소스 파일</Filter>
    </ClCompile>
    <ClCompile Include="CG_53_Reflection.cpp">
      <Filter>소스 파일</Filter>
    </ClCompile>
    <ClCompile Include="CG_54_Reflection_Stencil.cpp">
      <Filter>소스 파일</Filter>
    </ClCompile>
    <ClCompile Include="CG_55_Blending.cpp">
      <Filter>소스 파일</Filter>
    </ClCompile>
    <ClCompile Include="CG_56_Blending_2.cpp">
      <Filter>소스 파일</Filter>
    </ClCompile>
    <ClCompile Include="CG_57_Reflect_Blending.cpp">
      <Filter>소스 파일</Filter>
    </ClCompile>
    <ClCompile Include="HW_4-5.cpp">
      <Filter>소스 파일</Filter>
    </ClCompile>
    <ClCompile Include="CG_58_Animation.cpp">
      <Filter>소스 파일</Filter>
    </ClCompile>
    <ClCompile Include="HW_4-6.cpp">
      <Filter>소스 파일</Filter>
    </ClCompile>
    <ClCompile Include="CG_59_Nomal.cpp">
      <Filter>소스 파일</Filter>
    </ClCompile>
    <ClCompile Include="CG_1_Sierpinski Gasket.cpp">
      <Filter>소스 파일</Filter>
    </ClCompile>
    <ClCompile Include="CG_2_점찍어보기.cpp">
      <Filter>소스 파일</Filter>
    </ClCompile>
    <ClCompile Include="CG_3_가시공간 실습.cpp">
      <Filter>소스 파일</Filter>
    </ClCompile>
    <ClCompile Include="CG_4_선그리기.cpp">
      <Filter>소스 파일</Filter>
    </ClCompile>
    <ClCompile Include="CG_5_GL_LINE__LOOP.cpp">
      <Filter>소스 파일</Filter>
    </ClCompile>
    <ClCompile Include="CG_6_Draw_Dino.cpp">
      <Filter>소스 파일</Filter>
    </ClCompile>
    <ClCompile Include="CG_7_Draw_Rect.cpp">
      <Filter>소스 파일</Filter>
    </ClCompile>
    <ClCompile Include="CG_8_GL_POLYGON.cpp">
      <Filter>소스 파일</Filter>
    </ClCompile>
    <ClCompile Include="CG_9_오목한도형이 안되는 예시.cpp">
      <Filter>소스 파일</Filter>
    </ClCompile>
    <ClCompile Include="CG_10_정N각형으로 원 그리기.cpp">
      <Filter>소스 파일</Filter>
    </ClCompile>
    <ClCompile Include="CG_11_GL_TRIANGLES.cpp">
      <Filter>소스 파일</Filter>
    </ClCompile>
    <ClCompile Include="CG_12_GL_TRIANGLE_STRIP.cpp">
      <Filter>소스 파일</Filter>
    </ClCompile>
    <ClCompile Include="CG_13_GL_TRIANGLE_FAN.cpp">
      <Filter>소스 파일</Filter>
    </ClCompile>
    <ClCompile Include="CG_14_ViewPort_1.cpp">
      <Filter>소스 파일</Filter>
    </ClCompile>
    <ClCompile Include="CG_15_ViewPort_DIno.cpp">
      <Filter>소스 파일</Filter>
    </ClCompile>
    <ClCompile Include="CG_16_삼각함수로 원 그리기.cpp">
      <Filter>소스 파일</Filter>
    </ClCompile>
    <ClCompile Include="CG_17_삼각함수로 도형그리기.cpp">
      <Filter>소스 파일</Filter>
    </ClCompile>
    <ClCompile Include="CG_18_삼각함수로 도형그리기2.cpp">
      <Filter>소스 파일</Filter>
    </ClCompile>
    <ClCompile Include="CG_19_직교투영예시.cpp">
      <Filter>소스 파일</Filter>
    </ClCompile>
    <ClCompile Include="CG_32_은면제거%28코드오류%29.cpp">
      <Filter>소스 파일</Filter>
    </ClCompile>
    <ClCompile Include="CG_43_file_texture.cpp">
      <Filter>소스 파일</Filter>
    </ClCompile>
  </ItemGroup>
</Project>